
Microsoft Visual Studio Solution File, Format Version 12.00
# Visual Studio Version 17
VisualStudioVersion = 17.10.35122.118
MinimumVisualStudioVersion = 10.0.40219.1
Project("{9A19103F-16F7-4668-BE54-9A1E7A4F7556}") = "ConversorSQL", "ConversorSQL\ConversorSQL.csproj", "{CD5D6817-19C8-4023-BB7C-EA27F9AA8023}"
EndProject
Global
	GlobalSection(SolutionConfigurationPlatforms) = preSolution
		All|Any CPU = All|Any CPU
		Debug|Any CPU = Debug|Any CPU
		Release|Any CPU = Release|Any CPU
	EndGlobalSection
	GlobalSection(ProjectConfigurationPlatforms) = postSolution
		{CD5D6817-19C8-4023-BB7C-EA27F9AA8023}.All|Any CPU.ActiveCfg = Release|Any CPU
		{CD5D6817-19C8-4023-BB7C-EA27F9AA8023}.All|Any CPU.Build.0 = Release|Any CPU
		{CD5D6817-19C8-4023-BB7C-EA27F9AA8023}.Debug|Any CPU.ActiveCfg = Debug|Any CPU
		{CD5D6817-19C8-4023-BB7C-EA27F9AA8023}.Debug|Any CPU.Build.0 = Debug|Any CPU
		{CD5D6817-19C8-4023-BB7C-EA27F9AA8023}.Release|Any CPU.ActiveCfg = Release|Any CPU
		{CD5D6817-19C8-4023-BB7C-EA27F9AA8023}.Release|Any CPU.Build.0 = Release|Any CPU
	EndGlobalSection
	GlobalSection(SolutionProperties) = preSolution
		HideSolutionNode = FALSE
	EndGlobalSection
	GlobalSection(ExtensibilityGlobals) = postSolution
		SolutionGuid = {FDA63B17-495E-48BC-B92F-CB5201E719E5}
	EndGlobalSection
EndGlobal
